
Microsoft Visual Studio Solution File, Format Version 11.00
# Visual Studio 2010
Project("{FAE04EC0-301F-11D3-BF4B-00C04F79EFBC}") = "Unity.Timeline", "Unity.Timeline.csproj", "{c4308acc-d5aa-8166-7879-fe048ae95e05}"
EndProject
Project("{FAE04EC0-301F-11D3-BF4B-00C04F79EFBC}") = "Unity.Timeline.Editor", "Unity.Timeline.Editor.csproj", "{0c2ca8ca-a811-89d7-68e1-9bf8769d9843}"
EndProject
Project("{FAE04EC0-301F-11D3-BF4B-00C04F79EFBC}") = "Unity.TextMeshPro.Editor", "Unity.TextMeshPro.Editor.csproj", "{263e4b10-3a20-ce45-c801-6dd9cd3928da}"
EndProject
Project("{FAE04EC0-301F-11D3-BF4B-00C04F79EFBC}") = "Unity.PlasticSCM.Editor", "Unity.PlasticSCM.Editor.csproj", "{5108add8-11da-f1c8-a1db-31e05e7f10c8}"
EndProject
Project("{FAE04EC0-301F-11D3-BF4B-00C04F79EFBC}") = "Unity.VisualScripting.Flow", "Unity.VisualScripting.Flow.csproj", "{7fbd416a-518e-f350-e8de-d96fef5916c9}"
EndProject
Project("{FAE04EC0-301F-11D3-BF4B-00C04F79EFBC}") = "UnityEditor.UI", "UnityEditor.UI.csproj", "{1ba09d42-cd50-8fec-866d-e43d92ac0299}"
EndProject
Project("{FAE04EC0-301F-11D3-BF4B-00C04F79EFBC}") = "Unity.VisualScripting.Core", "Unity.VisualScripting.Core.csproj", "{c4f925fe-584c-1ee8-fe8a-f04ac88fea46}"
EndProject
Project("{FAE04EC0-301F-11D3-BF4B-00C04F79EFBC}") = "Unity.VisualScripting.Core.Editor", "Unity.VisualScripting.Core.Editor.csproj", "{14e6c77f-3a72-5459-a599-2991ce5a3875}"
EndProject
Project("{FAE04EC0-301F-11D3-BF4B-00C04F79EFBC}") = "Unity.VisualScripting.Flow.Editor", "Unity.VisualScripting.Flow.Editor.csproj", "{fe36ef1a-1846-7099-b8a2-cde8e1248823}"
EndProject
Project("{FAE04EC0-301F-11D3-BF4B-00C04F79EFBC}") = "UnityEditor.TestRunner", "UnityEditor.TestRunner.csproj", "{37b9852c-67d6-c6a9-2208-1f53fb820cf0}"
EndProject
Project("{FAE04EC0-301F-11D3-BF4B-00C04F79EFBC}") = "Unity.VisualScripting.SettingsProvider.Editor", "Unity.VisualScripting.SettingsProvider.Editor.csproj", "{86dcabad-8e3c-e3aa-4495-6cdae9b44385}"
EndProject
Project("{FAE04EC0-301F-11D3-BF4B-00C04F79EFBC}") = "UnityEngine.TestRunner", "UnityEngine.TestRunner.csproj", "{66795c4e-8b33-de9b-2cac-707740b23aa8}"
EndProject
Project("{FAE04EC0-301F-11D3-BF4B-00C04F79EFBC}") = "UnityEngine.UI", "UnityEngine.UI.csproj", "{b12e153f-b424-b3d0-6fe0-5ba610186ce0}"
EndProject
Project("{FAE04EC0-301F-11D3-BF4B-00C04F79EFBC}") = "Unity.VisualStudio.Editor", "Unity.VisualStudio.Editor.csproj", "{1730779b-9f45-34dd-c6cb-cf35832012f8}"
EndProject
Project("{FAE04EC0-301F-11D3-BF4B-00C04F79EFBC}") = "Unity.TestTools.CodeCoverage.Editor.OpenCover.Model", "Unity.TestTools.CodeCoverage.Editor.OpenCover.Model.csproj", "{1dd65ff0-4bc3-5915-41fe-a77f7cfcd1df}"
EndProject
Project("{FAE04EC0-301F-11D3-BF4B-00C04F79EFBC}") = "Unity.Rider.Editor", "Unity.Rider.Editor.csproj", "{9dc80a03-101b-45ee-a101-dd7dbc4f7e39}"
EndProject
Project("{FAE04EC0-301F-11D3-BF4B-00C04F79EFBC}") = "Unity.CollabProxy.Editor", "Unity.CollabProxy.Editor.csproj", "{aa7f95f2-4052-cd74-3e39-fd206cb045de}"
EndProject
Project("{FAE04EC0-301F-11D3-BF4B-00C04F79EFBC}") = "Unity.VisualScripting.State.Editor", "Unity.VisualScripting.State.Editor.csproj", "{92c150e8-3858-57ec-a7c2-a569a01e07e8}"
EndProject
Project("{FAE04EC0-301F-11D3-BF4B-00C04F79EFBC}") = "Unity.TestTools.CodeCoverage.Editor", "Unity.TestTools.CodeCoverage.Editor.csproj", "{a4e11dfc-6f4a-e727-e2a6-e77ee63a7e1b}"
EndProject
Project("{FAE04EC0-301F-11D3-BF4B-00C04F79EFBC}") = "Unity.VisualScripting.State", "Unity.VisualScripting.State.csproj", "{bc3805c7-c562-59f1-8d02-f3e2f98be5b4}"
EndProject
Project("{FAE04EC0-301F-11D3-BF4B-00C04F79EFBC}") = "Unity.TextMeshPro", "Unity.TextMeshPro.csproj", "{6a798279-e99f-9237-520e-10e4b3efd5de}"
EndProject
Project("{FAE04EC0-301F-11D3-BF4B-00C04F79EFBC}") = "Unity.Performance.Profile-Analyzer.Editor", "Unity.Performance.Profile-Analyzer.Editor.csproj", "{bc5ab760-f2d8-6963-5a70-ed6ed6ee9f8f}"
EndProject
Project("{FAE04EC0-301F-11D3-BF4B-00C04F79EFBC}") = "Unity.VSCode.Editor", "Unity.VSCode.Editor.csproj", "{e09cb307-affc-f1b7-84e5-49674575826e}"
EndProject
Project("{FAE04EC0-301F-11D3-BF4B-00C04F79EFBC}") = "Unity.TestTools.CodeCoverage.Editor.OpenCover.Mono.Reflection", "Unity.TestTools.CodeCoverage.Editor.OpenCover.Mono.Reflection.csproj", "{8d85221f-3df8-cecf-ddcb-6ff8b8f8a801}"
EndProject
Project("{FAE04EC0-301F-11D3-BF4B-00C04F79EFBC}") = "Unity.Settings.Editor", "Unity.Settings.Editor.csproj", "{b1a0cd12-9929-c28f-6130-4868b6fc46e6}"
EndProject
Project("{FAE04EC0-301F-11D3-BF4B-00C04F79EFBC}") = "Unity.EditorCoroutines.Editor", "Unity.EditorCoroutines.Editor.csproj", "{e35b18b7-6562-a735-502b-a8bd18105874}"
EndProject
Project("{FAE04EC0-301F-11D3-BF4B-00C04F79EFBC}") = "Unity.VisualScripting.Shared.Editor", "Unity.VisualScripting.Shared.Editor.csproj", "{01d172fb-406b-cdbc-db8b-d9d6877e2fbc}"
EndProject
Global
	GlobalSection(SolutionConfigurationPlatforms) = preSolution
		Debug|Any CPU = Debug|Any CPU
	EndGlobalSection
	GlobalSection(ProjectConfigurationPlatforms) = postSolution
		{c4308acc-d5aa-8166-7879-fe048ae95e05}.Debug|Any CPU.ActiveCfg = Debug|Any CPU
		{c4308acc-d5aa-8166-7879-fe048ae95e05}.Debug|Any CPU.Build.0 = Debug|Any CPU
		{0c2ca8ca-a811-89d7-68e1-9bf8769d9843}.Debug|Any CPU.ActiveCfg = Debug|Any CPU
		{0c2ca8ca-a811-89d7-68e1-9bf8769d9843}.Debug|Any CPU.Build.0 = Debug|Any CPU
		{263e4b10-3a20-ce45-c801-6dd9cd3928da}.Debug|Any CPU.ActiveCfg = Debug|Any CPU
		{263e4b10-3a20-ce45-c801-6dd9cd3928da}.Debug|Any CPU.Build.0 = Debug|Any CPU
		{5108add8-11da-f1c8-a1db-31e05e7f10c8}.Debug|Any CPU.ActiveCfg = Debug|Any CPU
		{5108add8-11da-f1c8-a1db-31e05e7f10c8}.Debug|Any CPU.Build.0 = Debug|Any CPU
		{7fbd416a-518e-f350-e8de-d96fef5916c9}.Debug|Any CPU.ActiveCfg = Debug|Any CPU
		{7fbd416a-518e-f350-e8de-d96fef5916c9}.Debug|Any CPU.Build.0 = Debug|Any CPU
		{1ba09d42-cd50-8fec-866d-e43d92ac0299}.Debug|Any CPU.ActiveCfg = Debug|Any CPU
		{1ba09d42-cd50-8fec-866d-e43d92ac0299}.Debug|Any CPU.Build.0 = Debug|Any CPU
		{c4f925fe-584c-1ee8-fe8a-f04ac88fea46}.Debug|Any CPU.ActiveCfg = Debug|Any CPU
		{c4f925fe-584c-1ee8-fe8a-f04ac88fea46}.Debug|Any CPU.Build.0 = Debug|Any CPU
		{14e6c77f-3a72-5459-a599-2991ce5a3875}.Debug|Any CPU.ActiveCfg = Debug|Any CPU
		{14e6c77f-3a72-5459-a599-2991ce5a3875}.Debug|Any CPU.Build.0 = Debug|Any CPU
		{fe36ef1a-1846-7099-b8a2-cde8e1248823}.Debug|Any CPU.ActiveCfg = Debug|Any CPU
		{fe36ef1a-1846-7099-b8a2-cde8e1248823}.Debug|Any CPU.Build.0 = Debug|Any CPU
		{37b9852c-67d6-c6a9-2208-1f53fb820cf0}.Debug|Any CPU.ActiveCfg = Debug|Any CPU
		{37b9852c-67d6-c6a9-2208-1f53fb820cf0}.Debug|Any CPU.Build.0 = Debug|Any CPU
		{86dcabad-8e3c-e3aa-4495-6cdae9b44385}.Debug|Any CPU.ActiveCfg = Debug|Any CPU
		{86dcabad-8e3c-e3aa-4495-6cdae9b44385}.Debug|Any CPU.Build.0 = Debug|Any CPU
		{66795c4e-8b33-de9b-2cac-707740b23aa8}.Debug|Any CPU.ActiveCfg = Debug|Any CPU
		{66795c4e-8b33-de9b-2cac-707740b23aa8}.Debug|Any CPU.Build.0 = Debug|Any CPU
		{b12e153f-b424-b3d0-6fe0-5ba610186ce0}.Debug|Any CPU.ActiveCfg = Debug|Any CPU
		{b12e153f-b424-b3d0-6fe0-5ba610186ce0}.Debug|Any CPU.Build.0 = Debug|Any CPU
		{1730779b-9f45-34dd-c6cb-cf35832012f8}.Debug|Any CPU.ActiveCfg = Debug|Any CPU
		{1730779b-9f45-34dd-c6cb-cf35832012f8}.Debug|Any CPU.Build.0 = Debug|Any CPU
		{1dd65ff0-4bc3-5915-41fe-a77f7cfcd1df}.Debug|Any CPU.ActiveCfg = Debug|Any CPU
		{1dd65ff0-4bc3-5915-41fe-a77f7cfcd1df}.Debug|Any CPU.Build.0 = Debug|Any CPU
		{9dc80a03-101b-45ee-a101-dd7dbc4f7e39}.Debug|Any CPU.ActiveCfg = Debug|Any CPU
		{9dc80a03-101b-45ee-a101-dd7dbc4f7e39}.Debug|Any CPU.Build.0 = Debug|Any CPU
		{aa7f95f2-4052-cd74-3e39-fd206cb045de}.Debug|Any CPU.ActiveCfg = Debug|Any CPU
		{aa7f95f2-4052-cd74-3e39-fd206cb045de}.Debug|Any CPU.Build.0 = Debug|Any CPU
		{92c150e8-3858-57ec-a7c2-a569a01e07e8}.Debug|Any CPU.ActiveCfg = Debug|Any CPU
		{92c150e8-3858-57ec-a7c2-a569a01e07e8}.Debug|Any CPU.Build.0 = Debug|Any CPU
		{a4e11dfc-6f4a-e727-e2a6-e77ee63a7e1b}.Debug|Any CPU.ActiveCfg = Debug|Any CPU
		{a4e11dfc-6f4a-e727-e2a6-e77ee63a7e1b}.Debug|Any CPU.Build.0 = Debug|Any CPU
		{bc3805c7-c562-59f1-8d02-f3e2f98be5b4}.Debug|Any CPU.ActiveCfg = Debug|Any CPU
		{bc3805c7-c562-59f1-8d02-f3e2f98be5b4}.Debug|Any CPU.Build.0 = Debug|Any CPU
		{6a798279-e99f-9237-520e-10e4b3efd5de}.Debug|Any CPU.ActiveCfg = Debug|Any CPU
		{6a798279-e99f-9237-520e-10e4b3efd5de}.Debug|Any CPU.Build.0 = Debug|Any CPU
		{bc5ab760-f2d8-6963-5a70-ed6ed6ee9f8f}.Debug|Any CPU.ActiveCfg = Debug|Any CPU
		{bc5ab760-f2d8-6963-5a70-ed6ed6ee9f8f}.Debug|Any CPU.Build.0 = Debug|Any CPU
		{e09cb307-affc-f1b7-84e5-49674575826e}.Debug|Any CPU.ActiveCfg = Debug|Any CPU
		{e09cb307-affc-f1b7-84e5-49674575826e}.Debug|Any CPU.Build.0 = Debug|Any CPU
		{8d85221f-3df8-cecf-ddcb-6ff8b8f8a801}.Debug|Any CPU.ActiveCfg = Debug|Any CPU
		{8d85221f-3df8-cecf-ddcb-6ff8b8f8a801}.Debug|Any CPU.Build.0 = Debug|Any CPU
		{b1a0cd12-9929-c28f-6130-4868b6fc46e6}.Debug|Any CPU.ActiveCfg = Debug|Any CPU
		{b1a0cd12-9929-c28f-6130-4868b6fc46e6}.Debug|Any CPU.Build.0 = Debug|Any CPU
		{e35b18b7-6562-a735-502b-a8bd18105874}.Debug|Any CPU.ActiveCfg = Debug|Any CPU
		{e35b18b7-6562-a735-502b-a8bd18105874}.Debug|Any CPU.Build.0 = Debug|Any CPU
		{01d172fb-406b-cdbc-db8b-d9d6877e2fbc}.Debug|Any CPU.ActiveCfg = Debug|Any CPU
		{01d172fb-406b-cdbc-db8b-d9d6877e2fbc}.Debug|Any CPU.Build.0 = Debug|Any CPU
	EndGlobalSection
	GlobalSection(SolutionProperties) = preSolution
		HideSolutionNode = FALSE
	EndGlobalSection
EndGlobal
